
Microsoft Visual Studio Solution File, Format Version 12.00
# Visual Studio Version 17
VisualStudioVersion = 17.9.34622.214
MinimumVisualStudioVersion = 10.0.40219.1
Project("{FAE04EC0-301F-11D3-BF4B-00C04F79EFBC}") = "ControleDeContatos", "ControleDeContatos\ControleDeContatos.csproj", "{EC56F32E-EB60-4463-9F1D-2B9F0A031498}"
EndProject
Global
	GlobalSection(SolutionConfigurationPlatforms) = preSolution
		Debug|Any CPU = Debug|Any CPU
		Release|Any CPU = Release|Any CPU
	EndGlobalSection
	GlobalSection(ProjectConfigurationPlatforms) = postSolution
		{EC56F32E-EB60-4463-9F1D-2B9F0A031498}.Debug|Any CPU.ActiveCfg = Debug|Any CPU
		{EC56F32E-EB60-4463-9F1D-2B9F0A031498}.Debug|Any CPU.Build.0 = Debug|Any CPU
		{EC56F32E-EB60-4463-9F1D-2B9F0A031498}.Release|Any CPU.ActiveCfg = Release|Any CPU
		{EC56F32E-EB60-4463-9F1D-2B9F0A031498}.Release|Any CPU.Build.0 = Release|Any CPU
	EndGlobalSection
	GlobalSection(SolutionProperties) = preSolution
		HideSolutionNode = FALSE
	EndGlobalSection
	GlobalSection(ExtensibilityGlobals) = postSolution
		SolutionGuid = {E5E6681B-D058-469B-99CD-35E344058ED6}
	EndGlobalSection
EndGlobal
